
Microsoft Visual Studio Solution File, Format Version 12.00
# Visual Studio Version 17
VisualStudioVersion = 17.1.32210.238
MinimumVisualStudioVersion = 10.0.40219.1
Project("{2150E333-8FDC-42A3-9474-1A3956D46DE8}") = "DataStructures", "DataStructures", "{F5C919E3-B901-4C92-9800-BB6431F320DF}"
EndProject
Project("{2150E333-8FDC-42A3-9474-1A3956D46DE8}") = "Applications", "Applications", "{2320DB0B-9564-476F-8BB4-B6277D0FB7EE}"
EndProject
Project("{2150E333-8FDC-42A3-9474-1A3956D46DE8}") = "Tests", "Tests", "{903B91D7-C62C-4880-873C-6CF67B3FB6DD}"
EndProject
Project("{2150E333-8FDC-42A3-9474-1A3956D46DE8}") = "UIs", "UIs", "{8DE0EC7E-5133-4AC9-866F-EE87102A34B6}"
EndProject
Project("{2150E333-8FDC-42A3-9474-1A3956D46DE8}") = "ApplicationsTests", "ApplicationsTests", "{878F617A-8FCB-4EC4-BC04-7771D2041F57}"
EndProject
Project("{9A19103F-16F7-4668-BE54-9A1E7A4F7556}") = "Arrray", "Arrray\Arrray.csproj", "{E3E368D2-BCA6-4456-BE2C-4FCF4216D567}"
EndProject
Project("{9A19103F-16F7-4668-BE54-9A1E7A4F7556}") = "ArrayApp", "ArrayApp\ArrayApp.csproj", "{D022D704-83E4-4113-8C9C-D6B581F0AAFD}"
EndProject
Project("{2150E333-8FDC-42A3-9474-1A3956D46DE8}") = "ArrayTests", "ArrayTests", "{E1DBBC68-E2E4-4F77-AE07-DE9EC04CB1BB}"
EndProject
Project("{9A19103F-16F7-4668-BE54-9A1E7A4F7556}") = "ArrayTests", "ArrayTests\ArrayTests.csproj", "{9DC4B2C7-D967-4E07-9870-26FF2C8AD376}"
EndProject
Project("{2150E333-8FDC-42A3-9474-1A3956D46DE8}") = "DataStructuresTests", "DataStructuresTests", "{C7F6E205-7446-4CCE-83E9-77F92D79FB7C}"
EndProject
Project("{FAE04EC0-301F-11D3-BF4B-00C04F79EFBC}") = "CollectionsTests", "CollectionsTests\CollectionsTests.csproj", "{CA7AFE71-988E-4CC1-AF53-C942923E45F9}"
EndProject
Project("{FAE04EC0-301F-11D3-BF4B-00C04F79EFBC}") = "LinkedList", "LinkedList\LinkedList.csproj", "{E5F434D8-F5D5-45BF-8885-A508D8A83890}"
EndProject
Project("{FAE04EC0-301F-11D3-BF4B-00C04F79EFBC}") = "LinkedListClassLibrary", "LinkedListClassLibrary\LinkedListClassLibrary.csproj", "{220485DE-A978-4FC5-8475-5FBB17F9EC9E}"
EndProject
Project("{2150E333-8FDC-42A3-9474-1A3956D46DE8}") = "LinkedListTests", "LinkedListTests", "{7783D7FE-A8BE-40BC-AEEA-81AD92527ECB}"
EndProject
Project("{FAE04EC0-301F-11D3-BF4B-00C04F79EFBC}") = "LinkedListTest", "LinkedListTest\LinkedListTest.csproj", "{1FAD3742-8896-4FA0-9318-DB6292488C34}"
EndProject
Project("{FAE04EC0-301F-11D3-BF4B-00C04F79EFBC}") = "StackClassLibrary", "StackClassLibrary\StackClassLibrary.csproj", "{9331F28A-387A-4130-8DC7-03F891D57EB5}"
EndProject
Project("{FAE04EC0-301F-11D3-BF4B-00C04F79EFBC}") = "StackApp", "StackApp\StackApp.csproj", "{EA8E1785-6775-4781-90FF-E412A78D8C9B}"
EndProject
Project("{FAE04EC0-301F-11D3-BF4B-00C04F79EFBC}") = "Queue", "Queue\Queue.csproj", "{F1A772E1-BF90-44E9-A200-30D3824DAFBE}"
EndProject
Project("{FAE04EC0-301F-11D3-BF4B-00C04F79EFBC}") = "QueueApp", "QueueApp\QueueApp.csproj", "{24A3EEA2-65B0-45CD-A182-8973FB95EA62}"
EndProject
Project("{2150E333-8FDC-42A3-9474-1A3956D46DE8}") = "QueueTests", "QueueTests", "{046BB12E-8C3B-40D6-AD85-7930933468A7}"
EndProject
Project("{FAE04EC0-301F-11D3-BF4B-00C04F79EFBC}") = "QueueTest", "QueueTest\QueueTest.csproj", "{BB0F66C1-58CA-4085-B8AF-D057C323CED9}"
EndProject
Project("{FAE04EC0-301F-11D3-BF4B-00C04F79EFBC}") = "SortingApp", "SortingApp\SortingApp.csproj", "{14FBDBE1-6C14-45D1-8A93-9FD787FFBE55}"
EndProject
Project("{FAE04EC0-301F-11D3-BF4B-00C04F79EFBC}") = "SortingAlgorithms", "SortingAlgorithms\SortingAlgorithms.csproj", "{2EC75E9D-D721-411D-AD63-DC7905A68CB0}"
EndProject
Project("{FAE04EC0-301F-11D3-BF4B-00C04F79EFBC}") = "FactorialWithRecusive", "FactorialWithRecusive\FactorialWithRecusive.csproj", "{D1206917-9491-4604-8F9A-1B9E452D1F08}"
EndProject
Project("{2150E333-8FDC-42A3-9474-1A3956D46DE8}") = "Databases", "Databases", "{185FB5FD-7242-4C24-92BA-CF5F4603EC18}"
	ProjectSection(SolutionItems) = preProject
		..\..\..\..\..\SQLite\Employee.db = ..\..\..\..\..\SQLite\Employee.db
	EndProjectSection
EndProject
Project("{2150E333-8FDC-42A3-9474-1A3956D46DE8}") = "BinarySearchTree", "BinarySearchTree", "{01EBF370-0747-43E4-B71A-899065DE47EA}"
EndProject
Project("{FAE04EC0-301F-11D3-BF4B-00C04F79EFBC}") = "BST", "BST\BST.csproj", "{55956DD7-A294-4FB5-939A-C2AF28B11074}"
EndProject
Project("{FAE04EC0-301F-11D3-BF4B-00C04F79EFBC}") = "PriorityQueue", "PriorityQueue\PriorityQueue.csproj", "{132D11CD-B78C-44D4-9CF9-86F7B4578E28}"
EndProject
Project("{FAE04EC0-301F-11D3-BF4B-00C04F79EFBC}") = "BHeapAppWithProducts", "BHeapAppWithProducts\BHeapAppWithProducts.csproj", "{B61858A4-6660-4CA9-B558-7D787CB2B6C7}"
EndProject
Global
	GlobalSection(SolutionConfigurationPlatforms) = preSolution
		Debug|Any CPU = Debug|Any CPU
		Release|Any CPU = Release|Any CPU
	EndGlobalSection
	GlobalSection(ProjectConfigurationPlatforms) = postSolution
		{E3E368D2-BCA6-4456-BE2C-4FCF4216D567}.Debug|Any CPU.ActiveCfg = Debug|Any CPU
		{E3E368D2-BCA6-4456-BE2C-4FCF4216D567}.Debug|Any CPU.Build.0 = Debug|Any CPU
		{E3E368D2-BCA6-4456-BE2C-4FCF4216D567}.Release|Any CPU.ActiveCfg = Release|Any CPU
		{E3E368D2-BCA6-4456-BE2C-4FCF4216D567}.Release|Any CPU.Build.0 = Release|Any CPU
		{D022D704-83E4-4113-8C9C-D6B581F0AAFD}.Debug|Any CPU.ActiveCfg = Debug|Any CPU
		{D022D704-83E4-4113-8C9C-D6B581F0AAFD}.Debug|Any CPU.Build.0 = Debug|Any CPU
		{D022D704-83E4-4113-8C9C-D6B581F0AAFD}.Release|Any CPU.ActiveCfg = Release|Any CPU
		{D022D704-83E4-4113-8C9C-D6B581F0AAFD}.Release|Any CPU.Build.0 = Release|Any CPU
		{9DC4B2C7-D967-4E07-9870-26FF2C8AD376}.Debug|Any CPU.ActiveCfg = Debug|Any CPU
		{9DC4B2C7-D967-4E07-9870-26FF2C8AD376}.Debug|Any CPU.Build.0 = Debug|Any CPU
		{9DC4B2C7-D967-4E07-9870-26FF2C8AD376}.Release|Any CPU.ActiveCfg = Release|Any CPU
		{9DC4B2C7-D967-4E07-9870-26FF2C8AD376}.Release|Any CPU.Build.0 = Release|Any CPU
		{CA7AFE71-988E-4CC1-AF53-C942923E45F9}.Debug|Any CPU.ActiveCfg = Debug|Any CPU
		{CA7AFE71-988E-4CC1-AF53-C942923E45F9}.Debug|Any CPU.Build.0 = Debug|Any CPU
		{CA7AFE71-988E-4CC1-AF53-C942923E45F9}.Release|Any CPU.ActiveCfg = Release|Any CPU
		{CA7AFE71-988E-4CC1-AF53-C942923E45F9}.Release|Any CPU.Build.0 = Release|Any CPU
		{E5F434D8-F5D5-45BF-8885-A508D8A83890}.Debug|Any CPU.ActiveCfg = Debug|Any CPU
		{E5F434D8-F5D5-45BF-8885-A508D8A83890}.Debug|Any CPU.Build.0 = Debug|Any CPU
		{E5F434D8-F5D5-45BF-8885-A508D8A83890}.Release|Any CPU.ActiveCfg = Release|Any CPU
		{E5F434D8-F5D5-45BF-8885-A508D8A83890}.Release|Any CPU.Build.0 = Release|Any CPU
		{220485DE-A978-4FC5-8475-5FBB17F9EC9E}.Debug|Any CPU.ActiveCfg = Debug|Any CPU
		{220485DE-A978-4FC5-8475-5FBB17F9EC9E}.Debug|Any CPU.Build.0 = Debug|Any CPU
		{220485DE-A978-4FC5-8475-5FBB17F9EC9E}.Release|Any CPU.ActiveCfg = Release|Any CPU
		{220485DE-A978-4FC5-8475-5FBB17F9EC9E}.Release|Any CPU.Build.0 = Release|Any CPU
		{1FAD3742-8896-4FA0-9318-DB6292488C34}.Debug|Any CPU.ActiveCfg = Debug|Any CPU
		{1FAD3742-8896-4FA0-9318-DB6292488C34}.Debug|Any CPU.Build.0 = Debug|Any CPU
		{1FAD3742-8896-4FA0-9318-DB6292488C34}.Release|Any CPU.ActiveCfg = Release|Any CPU
		{1FAD3742-8896-4FA0-9318-DB6292488C34}.Release|Any CPU.Build.0 = Release|Any CPU
		{9331F28A-387A-4130-8DC7-03F891D57EB5}.Debug|Any CPU.ActiveCfg = Debug|Any CPU
		{9331F28A-387A-4130-8DC7-03F891D57EB5}.Debug|Any CPU.Build.0 = Debug|Any CPU
		{9331F28A-387A-4130-8DC7-03F891D57EB5}.Release|Any CPU.ActiveCfg = Release|Any CPU
		{9331F28A-387A-4130-8DC7-03F891D57EB5}.Release|Any CPU.Build.0 = Release|Any CPU
		{EA8E1785-6775-4781-90FF-E412A78D8C9B}.Debug|Any CPU.ActiveCfg = Debug|Any CPU
		{EA8E1785-6775-4781-90FF-E412A78D8C9B}.Debug|Any CPU.Build.0 = Debug|Any CPU
		{EA8E1785-6775-4781-90FF-E412A78D8C9B}.Release|Any CPU.ActiveCfg = Release|Any CPU
		{EA8E1785-6775-4781-90FF-E412A78D8C9B}.Release|Any CPU.Build.0 = Release|Any CPU
		{F1A772E1-BF90-44E9-A200-30D3824DAFBE}.Debug|Any CPU.ActiveCfg = Debug|Any CPU
		{F1A772E1-BF90-44E9-A200-30D3824DAFBE}.Debug|Any CPU.Build.0 = Debug|Any CPU
		{F1A772E1-BF90-44E9-A200-30D3824DAFBE}.Release|Any CPU.ActiveCfg = Release|Any CPU
		{F1A772E1-BF90-44E9-A200-30D3824DAFBE}.Release|Any CPU.Build.0 = Release|Any CPU
		{24A3EEA2-65B0-45CD-A182-8973FB95EA62}.Debug|Any CPU.ActiveCfg = Debug|Any CPU
		{24A3EEA2-65B0-45CD-A182-8973FB95EA62}.Debug|Any CPU.Build.0 = Debug|Any CPU
		{24A3EEA2-65B0-45CD-A182-8973FB95EA62}.Release|Any CPU.ActiveCfg = Release|Any CPU
		{24A3EEA2-65B0-45CD-A182-8973FB95EA62}.Release|Any CPU.Build.0 = Release|Any CPU
		{BB0F66C1-58CA-4085-B8AF-D057C323CED9}.Debug|Any CPU.ActiveCfg = Debug|Any CPU
		{BB0F66C1-58CA-4085-B8AF-D057C323CED9}.Debug|Any CPU.Build.0 = Debug|Any CPU
		{BB0F66C1-58CA-4085-B8AF-D057C323CED9}.Release|Any CPU.ActiveCfg = Release|Any CPU
		{BB0F66C1-58CA-4085-B8AF-D057C323CED9}.Release|Any CPU.Build.0 = Release|Any CPU
		{14FBDBE1-6C14-45D1-8A93-9FD787FFBE55}.Debug|Any CPU.ActiveCfg = Debug|Any CPU
		{14FBDBE1-6C14-45D1-8A93-9FD787FFBE55}.Debug|Any CPU.Build.0 = Debug|Any CPU
		{14FBDBE1-6C14-45D1-8A93-9FD787FFBE55}.Release|Any CPU.ActiveCfg = Release|Any CPU
		{14FBDBE1-6C14-45D1-8A93-9FD787FFBE55}.Release|Any CPU.Build.0 = Release|Any CPU
		{2EC75E9D-D721-411D-AD63-DC7905A68CB0}.Debug|Any CPU.ActiveCfg = Debug|Any CPU
		{2EC75E9D-D721-411D-AD63-DC7905A68CB0}.Debug|Any CPU.Build.0 = Debug|Any CPU
		{2EC75E9D-D721-411D-AD63-DC7905A68CB0}.Release|Any CPU.ActiveCfg = Release|Any CPU
		{2EC75E9D-D721-411D-AD63-DC7905A68CB0}.Release|Any CPU.Build.0 = Release|Any CPU
		{D1206917-9491-4604-8F9A-1B9E452D1F08}.Debug|Any CPU.ActiveCfg = Debug|Any CPU
		{D1206917-9491-4604-8F9A-1B9E452D1F08}.Debug|Any CPU.Build.0 = Debug|Any CPU
		{D1206917-9491-4604-8F9A-1B9E452D1F08}.Release|Any CPU.ActiveCfg = Release|Any CPU
		{D1206917-9491-4604-8F9A-1B9E452D1F08}.Release|Any CPU.Build.0 = Release|Any CPU
		{55956DD7-A294-4FB5-939A-C2AF28B11074}.Debug|Any CPU.ActiveCfg = Debug|Any CPU
		{55956DD7-A294-4FB5-939A-C2AF28B11074}.Debug|Any CPU.Build.0 = Debug|Any CPU
		{55956DD7-A294-4FB5-939A-C2AF28B11074}.Release|Any CPU.ActiveCfg = Release|Any CPU
		{55956DD7-A294-4FB5-939A-C2AF28B11074}.Release|Any CPU.Build.0 = Release|Any CPU
		{132D11CD-B78C-44D4-9CF9-86F7B4578E28}.Debug|Any CPU.ActiveCfg = Debug|Any CPU
		{132D11CD-B78C-44D4-9CF9-86F7B4578E28}.Debug|Any CPU.Build.0 = Debug|Any CPU
		{132D11CD-B78C-44D4-9CF9-86F7B4578E28}.Release|Any CPU.ActiveCfg = Release|Any CPU
		{132D11CD-B78C-44D4-9CF9-86F7B4578E28}.Release|Any CPU.Build.0 = Release|Any CPU
		{B61858A4-6660-4CA9-B558-7D787CB2B6C7}.Debug|Any CPU.ActiveCfg = Debug|Any CPU
		{B61858A4-6660-4CA9-B558-7D787CB2B6C7}.Debug|Any CPU.Build.0 = Debug|Any CPU
		{B61858A4-6660-4CA9-B558-7D787CB2B6C7}.Release|Any CPU.ActiveCfg = Release|Any CPU
		{B61858A4-6660-4CA9-B558-7D787CB2B6C7}.Release|Any CPU.Build.0 = Release|Any CPU
	EndGlobalSection
	GlobalSection(SolutionProperties) = preSolution
		HideSolutionNode = FALSE
	EndGlobalSection
	GlobalSection(NestedProjects) = preSolution
		{878F617A-8FCB-4EC4-BC04-7771D2041F57} = {903B91D7-C62C-4880-873C-6CF67B3FB6DD}
		{E3E368D2-BCA6-4456-BE2C-4FCF4216D567} = {F5C919E3-B901-4C92-9800-BB6431F320DF}
		{D022D704-83E4-4113-8C9C-D6B581F0AAFD} = {8DE0EC7E-5133-4AC9-866F-EE87102A34B6}
		{E1DBBC68-E2E4-4F77-AE07-DE9EC04CB1BB} = {C7F6E205-7446-4CCE-83E9-77F92D79FB7C}
		{9DC4B2C7-D967-4E07-9870-26FF2C8AD376} = {E1DBBC68-E2E4-4F77-AE07-DE9EC04CB1BB}
		{C7F6E205-7446-4CCE-83E9-77F92D79FB7C} = {903B91D7-C62C-4880-873C-6CF67B3FB6DD}
		{CA7AFE71-988E-4CC1-AF53-C942923E45F9} = {878F617A-8FCB-4EC4-BC04-7771D2041F57}
		{E5F434D8-F5D5-45BF-8885-A508D8A83890} = {2320DB0B-9564-476F-8BB4-B6277D0FB7EE}
		{220485DE-A978-4FC5-8475-5FBB17F9EC9E} = {F5C919E3-B901-4C92-9800-BB6431F320DF}
		{7783D7FE-A8BE-40BC-AEEA-81AD92527ECB} = {903B91D7-C62C-4880-873C-6CF67B3FB6DD}
		{1FAD3742-8896-4FA0-9318-DB6292488C34} = {7783D7FE-A8BE-40BC-AEEA-81AD92527ECB}
		{9331F28A-387A-4130-8DC7-03F891D57EB5} = {F5C919E3-B901-4C92-9800-BB6431F320DF}
		{EA8E1785-6775-4781-90FF-E412A78D8C9B} = {8DE0EC7E-5133-4AC9-866F-EE87102A34B6}
		{F1A772E1-BF90-44E9-A200-30D3824DAFBE} = {F5C919E3-B901-4C92-9800-BB6431F320DF}
		{24A3EEA2-65B0-45CD-A182-8973FB95EA62} = {8DE0EC7E-5133-4AC9-866F-EE87102A34B6}
		{046BB12E-8C3B-40D6-AD85-7930933468A7} = {903B91D7-C62C-4880-873C-6CF67B3FB6DD}
		{BB0F66C1-58CA-4085-B8AF-D057C323CED9} = {046BB12E-8C3B-40D6-AD85-7930933468A7}
		{14FBDBE1-6C14-45D1-8A93-9FD787FFBE55} = {8DE0EC7E-5133-4AC9-866F-EE87102A34B6}
		{2EC75E9D-D721-411D-AD63-DC7905A68CB0} = {F5C919E3-B901-4C92-9800-BB6431F320DF}
		{D1206917-9491-4604-8F9A-1B9E452D1F08} = {8DE0EC7E-5133-4AC9-866F-EE87102A34B6}
		{01EBF370-0747-43E4-B71A-899065DE47EA} = {8DE0EC7E-5133-4AC9-866F-EE87102A34B6}
		{55956DD7-A294-4FB5-939A-C2AF28B11074} = {01EBF370-0747-43E4-B71A-899065DE47EA}
		{132D11CD-B78C-44D4-9CF9-86F7B4578E28} = {F5C919E3-B901-4C92-9800-BB6431F320DF}
		{B61858A4-6660-4CA9-B558-7D787CB2B6C7} = {2320DB0B-9564-476F-8BB4-B6277D0FB7EE}
	EndGlobalSection
	GlobalSection(ExtensibilityGlobals) = postSolution
		SolutionGuid = {228B10E9-C319-4DC0-A77D-321B76C3B424}
	EndGlobalSection
EndGlobal
